
Microsoft Visual Studio Solution File, Format Version 12.00
# Visual Studio Version 16
VisualStudioVersion = 16.0.31019.35
MinimumVisualStudioVersion = 10.0.40219.1
Project("{FAE04EC0-301F-11D3-BF4B-00C04F79EFBC}") = "LeapYear", "LeapYear\LeapYear.csproj", "{F39BFA24-0143-4387-9EB6-B291C08ACE31}"
EndProject
Global
	GlobalSection(SolutionConfigurationPlatforms) = preSolution
		Debug|Any CPU = Debug|Any CPU
		Release|Any CPU = Release|Any CPU
	EndGlobalSection
	GlobalSection(ProjectConfigurationPlatforms) = postSolution
		{F39BFA24-0143-4387-9EB6-B291C08ACE31}.Debug|Any CPU.ActiveCfg = Debug|Any CPU
		{F39BFA24-0143-4387-9EB6-B291C08ACE31}.Debug|Any CPU.Build.0 = Debug|Any CPU
		{F39BFA24-0143-4387-9EB6-B291C08ACE31}.Release|Any CPU.ActiveCfg = Release|Any CPU
		{F39BFA24-0143-4387-9EB6-B291C08ACE31}.Release|Any CPU.Build.0 = Release|Any CPU
	EndGlobalSection
	GlobalSection(SolutionProperties) = preSolution
		HideSolutionNode = FALSE
	EndGlobalSection
	GlobalSection(ExtensibilityGlobals) = postSolution
		SolutionGuid = {EC102928-9BBE-48AC-9DB3-A20F19409D9C}
	EndGlobalSection
EndGlobal
